{
  "nodes": {
    "flake-utils": {
      "locked": {
        "lastModified": 1644229661,
        "narHash": "sha256-1YdnJAsNy69bpcjuoKdOYQX0YxZBiCYZo4Twxerqv7k=",
        "owner": "numtide",
        "repo": "flake-utils",
        "rev": "3cecb5b042f7f209c56ffd8371b2711a290ec797",
        "type": "github"
      },
      "original": {
        "owner": "numtide",
        "repo": "flake-utils",
        "type": "github"
      }
    },
    "flake-utils_2": {
      "locked": {
        "lastModified": 1644229661,
        "narHash": "sha256-1YdnJAsNy69bpcjuoKdOYQX0YxZBiCYZo4Twxerqv7k=",
        "owner": "numtide",
        "repo": "flake-utils",
        "rev": "3cecb5b042f7f209c56ffd8371b2711a290ec797",
        "type": "github"
      },
      "original": {
        "owner": "numtide",
        "repo": "flake-utils",
        "type": "github"
      }
    },
    "haskell-flake-utils": {
      "inputs": {
        "flake-utils": "flake-utils"
      },
      "locked": {
        "lastModified": 1672412555,
        "narHash": "sha256-Kaa8F7nQFR3KuS6Y9WRUxeJeZlp6CCubyrRfmiEsW4k=",
        "owner": "ivanovs-4",
        "repo": "haskell-flake-utils",
        "rev": "896219e5bde6efac72198550454e9dd9b5ed9ac9",
        "type": "github"
      },
      "original": {
        "owner": "ivanovs-4",
        "ref": "master",
        "repo": "haskell-flake-utils",
        "type": "github"
      }
    },
    "haskell-flake-utils_2": {
      "inputs": {
        "flake-utils": "flake-utils_2"
      },
      "locked": {
        "lastModified": 1672412555,
        "narHash": "sha256-Kaa8F7nQFR3KuS6Y9WRUxeJeZlp6CCubyrRfmiEsW4k=",
        "owner": "ivanovs-4",
        "repo": "haskell-flake-utils",
        "rev": "896219e5bde6efac72198550454e9dd9b5ed9ac9",
        "type": "github"
      },
      "original": {
        "owner": "ivanovs-4",
        "repo": "haskell-flake-utils",
        "rev": "896219e5bde6efac72198550454e9dd9b5ed9ac9",
        "type": "github"
      }
    },
    "hspup": {
      "inputs": {
        "haskell-flake-utils": "haskell-flake-utils_2",
        "nixpkgs": [
          "nixpkgs"
        ]
      },
      "locked": {
        "lastModified": 1672641093,
        "narHash": "sha256-v0Uj3gkDWPdnXZUKpJGD7RxIOncTexhN0csIop36yug=",
        "owner": "voidlizard",
        "repo": "hspup",
        "rev": "031d27dea1505fd68cd603da7e72eb5eefd348fd",
        "type": "github"
      },
      "original": {
        "owner": "voidlizard",
        "repo": "hspup",
        "type": "github"
      }
    },
    "nixpkgs": {
      "locked": {
        "lastModified": 1675237434,
        "narHash": "sha256-YoFR0vyEa1HXufLNIFgOGhIFMRnY6aZ0IepZF5cYemo=",
        "owner": "nixos",
        "repo": "nixpkgs",
        "rev": "285b3ff0660640575186a4086e1f8dc0df2874b5",
        "type": "github"
      },
      "original": {
        "owner": "nixos",
        "ref": "nixos-22.11",
        "repo": "nixpkgs",
        "type": "github"
      }
    },
    "root": {
      "inputs": {
        "haskell-flake-utils": "haskell-flake-utils",
        "hspup": "hspup",
        "nixpkgs": "nixpkgs",
        "saltine": "saltine"
      }
    },
    "saltine": {
      "flake": false,
      "locked": {
        "lastModified": 1651348885,
        "narHash": "sha256-0guvfkdOrofElDildQWE8QDwh+T/u2WY3HVYmOu4g3w=",
        "owner": "tel",
        "repo": "saltine",
        "rev": "3d3a54cf46f78b71b4b55653482fb6f4cee6b77d",
        "type": "github"
      },
      "original": {
        "owner": "tel",
        "repo": "saltine",
        "rev": "3d3a54cf46f78b71b4b55653482fb6f4cee6b77d",
        "type": "github"
      }
    }
  },
  "root": "root",
  "version": 7
}
