{
  "nodes": {
    "flake-utils": {
      "locked": {
        "lastModified": 1644229661,
        "narHash": "sha256-1YdnJAsNy69bpcjuoKdOYQX0YxZBiCYZo4Twxerqv7k=",
        "owner": "numtide",
        "repo": "flake-utils",
        "rev": "3cecb5b042f7f209c56ffd8371b2711a290ec797",
        "type": "github"
      },
      "original": {
        "owner": "numtide",
        "repo": "flake-utils",
        "type": "github"
      }
    },
    "flake-utils_2": {
      "locked": {
        "lastModified": 1644229661,
        "narHash": "sha256-1YdnJAsNy69bpcjuoKdOYQX0YxZBiCYZo4Twxerqv7k=",
        "owner": "numtide",
        "repo": "flake-utils",
        "rev": "3cecb5b042f7f209c56ffd8371b2711a290ec797",
        "type": "github"
      },
      "original": {
        "owner": "numtide",
        "repo": "flake-utils",
        "type": "github"
      }
    },
    "haskell-flake-utils": {
      "inputs": {
        "flake-utils": "flake-utils"
      },
      "locked": {
        "lastModified": 1672412555,
        "narHash": "sha256-Kaa8F7nQFR3KuS6Y9WRUxeJeZlp6CCubyrRfmiEsW4k=",
        "owner": "ivanovs-4",
        "repo": "haskell-flake-utils",
        "rev": "896219e5bde6efac72198550454e9dd9b5ed9ac9",
        "type": "github"
      },
      "original": {
        "owner": "ivanovs-4",
        "repo": "haskell-flake-utils",
        "rev": "896219e5bde6efac72198550454e9dd9b5ed9ac9",
        "type": "github"
      }
    },
    "haskell-flake-utils_2": {
      "inputs": {
        "flake-utils": "flake-utils_2"
      },
      "locked": {
        "lastModified": 1672412555,
        "narHash": "sha256-Kaa8F7nQFR3KuS6Y9WRUxeJeZlp6CCubyrRfmiEsW4k=",
        "owner": "ivanovs-4",
        "repo": "haskell-flake-utils",
        "rev": "896219e5bde6efac72198550454e9dd9b5ed9ac9",
        "type": "github"
      },
      "original": {
        "owner": "ivanovs-4",
        "repo": "haskell-flake-utils",
        "rev": "896219e5bde6efac72198550454e9dd9b5ed9ac9",
        "type": "github"
      }
    },
    "hspup": {
      "inputs": {
        "haskell-flake-utils": "haskell-flake-utils_2",
        "nixpkgs": [
          "nixpkgs"
        ]
      },
      "locked": {
        "lastModified": 1672641093,
        "narHash": "sha256-v0Uj3gkDWPdnXZUKpJGD7RxIOncTexhN0csIop36yug=",
        "owner": "voidlizard",
        "repo": "hspup",
        "rev": "031d27dea1505fd68cd603da7e72eb5eefd348fd",
        "type": "github"
      },
      "original": {
        "owner": "voidlizard",
        "repo": "hspup",
        "type": "github"
      }
    },
    "nixpkgs": {
      "locked": {
        "lastModified": 1674407282,
        "narHash": "sha256-2qwc8mrPINSFdWffPK+ji6nQ9aGnnZyHSItVcYDZDlk=",
        "owner": "nixos",
        "repo": "nixpkgs",
        "rev": "ab1254087f4cdf4af74b552d7fc95175d9bdbb49",
        "type": "github"
      },
      "original": {
        "owner": "nixos",
        "ref": "nixos-22.11",
        "repo": "nixpkgs",
        "type": "github"
      }
    },
    "root": {
      "inputs": {
        "haskell-flake-utils": "haskell-flake-utils",
        "hspup": "hspup",
        "nixpkgs": "nixpkgs"
      }
    }
  },
  "root": "root",
  "version": 7
}
