{
  "nodes": {
    "bytestring-mmap": {
      "flake": false,
      "locked": {
        "lastModified": 1727193872,
        "narHash": "sha256-L39kMCMry/BNJngt0+yvSIMnJJzWR9ZoyXbEyniEfwU=",
        "owner": "ivanovs-4",
        "repo": "bytestring-mmap",
        "rev": "f43e5e06718ed904487f17e7725c12098773c12f",
        "type": "github"
      },
      "original": {
        "owner": "ivanovs-4",
        "repo": "bytestring-mmap",
        "type": "github"
      }
    },
    "db-pipe": {
      "inputs": {
        "haskell-flake-utils": [
          "haskell-flake-utils"
        ],
        "nixpkgs": [
          "nixpkgs"
        ]
      },
      "locked": {
        "lastModified": 1727503203,
        "narHash": "sha256-/HVVyxa55pDLzMiRgCWB4YKVsW2v9wFHTlSpLnyuhkU=",
        "ref": "refs/heads/master",
        "rev": "7f28fdcb2ba9ccd426facffebf100e98522d7eac",
        "revCount": 11,
        "type": "git",
        "url": "https://git.hbs2.net/5xrwbTzzweS9yeJQnrrUY9gQJfhJf84pbyHhF2MMmSft"
      },
      "original": {
        "type": "git",
        "url": "https://git.hbs2.net/5xrwbTzzweS9yeJQnrrUY9gQJfhJf84pbyHhF2MMmSft"
      }
    },
    "db-pipe_2": {
      "inputs": {
        "haskell-flake-utils": [
          "lsm",
          "haskell-flake-utils"
        ],
        "nixpkgs": [
          "lsm",
          "nixpkgs"
        ]
      },
      "locked": {
        "lastModified": 1713519608,
        "narHash": "sha256-MBBsIdK1am/usgdBYr6ZoKm1pwv7u9ujS/tiNRrn0m8=",
        "ref": "refs/heads/master",
        "rev": "b755977dd737ff367c7eb19efd9e273d1bd37ed7",
        "revCount": 8,
        "type": "git",
        "url": "http://git.hbs2/5xrwbTzzweS9yeJQnrrUY9gQJfhJf84pbyHhF2MMmSft"
      },
      "original": {
        "type": "git",
        "url": "http://git.hbs2/5xrwbTzzweS9yeJQnrrUY9gQJfhJf84pbyHhF2MMmSft"
      }
    },
    "fixme": {
      "inputs": {
        "haskell-flake-utils": "haskell-flake-utils_2",
        "nixpkgs": "nixpkgs",
        "suckless-conf": "suckless-conf"
      },
      "locked": {
        "lastModified": 1714707469,
        "narHash": "sha256-uL3j7NmCWADN0rIyVr3bv0JFMPgYgrnb1wiJW5tZ9jU=",
        "owner": "voidlizard",
        "repo": "fixme",
        "rev": "51485aa169c7b2040b6e2b8d096f38ed77146482",
        "type": "github"
      },
      "original": {
        "owner": "voidlizard",
        "repo": "fixme",
        "type": "github"
      }
    },
    "flake-utils": {
      "locked": {
        "lastModified": 1644229661,
        "narHash": "sha256-1YdnJAsNy69bpcjuoKdOYQX0YxZBiCYZo4Twxerqv7k=",
        "owner": "numtide",
        "repo": "flake-utils",
        "rev": "3cecb5b042f7f209c56ffd8371b2711a290ec797",
        "type": "github"
      },
      "original": {
        "owner": "numtide",
        "repo": "flake-utils",
        "type": "github"
      }
    },
    "flake-utils_2": {
      "locked": {
        "lastModified": 1644229661,
        "narHash": "sha256-1YdnJAsNy69bpcjuoKdOYQX0YxZBiCYZo4Twxerqv7k=",
        "owner": "numtide",
        "repo": "flake-utils",
        "rev": "3cecb5b042f7f209c56ffd8371b2711a290ec797",
        "type": "github"
      },
      "original": {
        "owner": "numtide",
        "repo": "flake-utils",
        "type": "github"
      }
    },
    "flake-utils_3": {
      "locked": {
        "lastModified": 1644229661,
        "narHash": "sha256-1YdnJAsNy69bpcjuoKdOYQX0YxZBiCYZo4Twxerqv7k=",
        "owner": "numtide",
        "repo": "flake-utils",
        "rev": "3cecb5b042f7f209c56ffd8371b2711a290ec797",
        "type": "github"
      },
      "original": {
        "owner": "numtide",
        "repo": "flake-utils",
        "type": "github"
      }
    },
    "fuzzy": {
      "inputs": {
        "haskell-flake-utils": [
          "haskell-flake-utils"
        ],
        "nixpkgs": [
          "nixpkgs"
        ]
      },
      "locked": {
        "lastModified": 1727197542,
        "narHash": "sha256-BF9Xd2fa8L5Xju9NTaoUjmzUEJfrRMMKULYQieBjbKo=",
        "ref": "refs/heads/master",
        "rev": "a834b152e29d632c816eefe117036e5d9330bd03",
        "revCount": 43,
        "type": "git",
        "url": "https://git.hbs2.net/GmcLB9gEPT4tbx9eyQiECwsu8oPyEh6qKEpQDtyBWVPA"
      },
      "original": {
        "type": "git",
        "url": "https://git.hbs2.net/GmcLB9gEPT4tbx9eyQiECwsu8oPyEh6qKEpQDtyBWVPA"
      }
    },
    "haskell-flake-utils": {
      "inputs": {
        "flake-utils": "flake-utils"
      },
      "locked": {
        "lastModified": 1707809372,
        "narHash": "sha256-wfTL9PlCSOqSSyU4eenFFI7pHrV21gba4GEILnI4nAU=",
        "owner": "ivanovs-4",
        "repo": "haskell-flake-utils",
        "rev": "3cbdc5d6093e8b4464ae64097e0c8c61e4414ff2",
        "type": "github"
      },
      "original": {
        "owner": "ivanovs-4",
        "ref": "master",
        "repo": "haskell-flake-utils",
        "type": "github"
      }
    },
    "haskell-flake-utils_2": {
      "inputs": {
        "flake-utils": "flake-utils_2"
      },
      "locked": {
        "lastModified": 1672412555,
        "narHash": "sha256-Kaa8F7nQFR3KuS6Y9WRUxeJeZlp6CCubyrRfmiEsW4k=",
        "owner": "ivanovs-4",
        "repo": "haskell-flake-utils",
        "rev": "896219e5bde6efac72198550454e9dd9b5ed9ac9",
        "type": "github"
      },
      "original": {
        "owner": "ivanovs-4",
        "repo": "haskell-flake-utils",
        "type": "github"
      }
    },
    "haskell-flake-utils_3": {
      "inputs": {
        "flake-utils": "flake-utils_3"
      },
      "locked": {
        "lastModified": 1672412555,
        "narHash": "sha256-Kaa8F7nQFR3KuS6Y9WRUxeJeZlp6CCubyrRfmiEsW4k=",
        "owner": "ivanovs-4",
        "repo": "haskell-flake-utils",
        "rev": "896219e5bde6efac72198550454e9dd9b5ed9ac9",
        "type": "github"
      },
      "original": {
        "owner": "ivanovs-4",
        "repo": "haskell-flake-utils",
        "type": "github"
      }
    },
    "hspup": {
      "inputs": {
        "haskell-flake-utils": [
          "haskell-flake-utils"
        ],
        "nixpkgs": [
          "nixpkgs"
        ]
      },
      "locked": {
        "lastModified": 1679933705,
        "narHash": "sha256-UOd70L+FKQLmGjA3IqjFaBpaS/dZMSABtRgVDY3lBCg=",
        "owner": "voidlizard",
        "repo": "hspup",
        "rev": "6b969a9de1f9800ebfc61c51252b8647123c51bb",
        "type": "github"
      },
      "original": {
        "owner": "voidlizard",
        "repo": "hspup",
        "type": "github"
      }
    },
    "lsm": {
      "inputs": {
        "db-pipe": "db-pipe_2",
        "fixme": "fixme",
        "haskell-flake-utils": [
          "haskell-flake-utils"
        ],
        "nixpkgs": [
          "nixpkgs"
        ]
      },
      "locked": {
        "lastModified": 1715418443,
        "narHash": "sha256-uhc9bf6myVz0Nx8Aoyc6/03FBQVyMqa78ByZzlrvKvY=",
        "ref": "refs/heads/master",
        "rev": "e9aab0bcb79f4c811b5fb795f878b38874218809",
        "revCount": 57,
        "type": "git",
        "url": "https://git.hbs2.net/5BCaH95cWsVKBmWaDNLWQr2umxzzT5kqRRKNTm2J15Ls"
      },
      "original": {
        "type": "git",
        "url": "https://git.hbs2.net/5BCaH95cWsVKBmWaDNLWQr2umxzzT5kqRRKNTm2J15Ls"
      }
    },
    "nixpkgs": {
      "locked": {
        "lastModified": 1697009197,
        "narHash": "sha256-viVRhBTFT8fPJTb1N3brQIpFZnttmwo3JVKNuWRVc3s=",
        "owner": "NixOS",
        "repo": "nixpkgs",
        "rev": "01441e14af5e29c9d27ace398e6dd0b293e25a54",
        "type": "github"
      },
      "original": {
        "owner": "NixOS",
        "ref": "nixpkgs-unstable",
        "repo": "nixpkgs",
        "type": "github"
      }
    },
    "nixpkgs_2": {
      "locked": {
        "lastModified": 1727089097,
        "narHash": "sha256-ZMHMThPsthhUREwDebXw7GX45bJnBCVbfnH1g5iuSPc=",
        "owner": "nixos",
        "repo": "nixpkgs",
        "rev": "568bfef547c14ca438c56a0bece08b8bb2b71a9c",
        "type": "github"
      },
      "original": {
        "owner": "nixos",
        "ref": "nixpkgs-unstable",
        "repo": "nixpkgs",
        "type": "github"
      }
    },
    "root": {
      "inputs": {
        "bytestring-mmap": "bytestring-mmap",
        "db-pipe": "db-pipe",
        "fuzzy": "fuzzy",
        "haskell-flake-utils": "haskell-flake-utils",
        "hspup": "hspup",
        "lsm": "lsm",
        "nixpkgs": "nixpkgs_2",
        "saltine": "saltine",
        "suckless-conf": "suckless-conf_2"
      }
    },
    "saltine": {
      "flake": false,
      "locked": {
        "lastModified": 1651348885,
        "narHash": "sha256-0guvfkdOrofElDildQWE8QDwh+T/u2WY3HVYmOu4g3w=",
        "owner": "tel",
        "repo": "saltine",
        "rev": "3d3a54cf46f78b71b4b55653482fb6f4cee6b77d",
        "type": "github"
      },
      "original": {
        "owner": "tel",
        "repo": "saltine",
        "rev": "3d3a54cf46f78b71b4b55653482fb6f4cee6b77d",
        "type": "github"
      }
    },
    "suckless-conf": {
      "inputs": {
        "haskell-flake-utils": "haskell-flake-utils_3",
        "nixpkgs": [
          "lsm",
          "fixme",
          "nixpkgs"
        ]
      },
      "locked": {
        "lastModified": 1697354514,
        "narHash": "sha256-5doedGj2QU4vPuw1VZor1GGEJTxu0zFeO/PsybFIcn8=",
        "owner": "voidlizard",
        "repo": "suckless-conf",
        "rev": "3f87278bc10ac4f14a6d9d2c75cbbed228509129",
        "type": "github"
      },
      "original": {
        "owner": "voidlizard",
        "repo": "suckless-conf",
        "type": "github"
      }
    },
    "suckless-conf_2": {
      "inputs": {
        "fuzzy": [
          "fuzzy"
        ],
        "haskell-flake-utils": [
          "haskell-flake-utils"
        ],
        "nixpkgs": [
          "nixpkgs"
        ]
      },
      "locked": {
        "lastModified": 1727200798,
        "narHash": "sha256-esabG5zoApNLbirx0mCj1+3ZPFU9Ckod9wSn9MHc0mo=",
        "ref": "refs/heads/master",
        "rev": "ff6f1a2e053005a52af5c7375fb66e8bb89bce2d",
        "revCount": 40,
        "type": "git",
        "url": "https://git.hbs2.net/JAuk1UJzZfbDGKVazSQU5yYQ3NGfk4gVeZzBCduf5TgQ"
      },
      "original": {
        "type": "git",
        "url": "https://git.hbs2.net/JAuk1UJzZfbDGKVazSQU5yYQ3NGfk4gVeZzBCduf5TgQ"
      }
    }
  },
  "root": "root",
  "version": 7
}
