{
  "nodes": {
    "db-pipe": {
      "inputs": {
        "haskell-flake-utils": "haskell-flake-utils",
        "nixpkgs": [
          "hbs2",
          "nixpkgs"
        ]
      },
      "locked": {
        "lastModified": 1708680396,
        "narHash": "sha256-ZPwDreNdnyCS/hNdaE0OqVhytm+SzZGRfGRTRvBuSzE=",
        "ref": "refs/heads/master",
        "rev": "221fde04a00a9c38d2f6c0d05b1e1c3457d5a827",
        "revCount": 7,
        "type": "git",
        "url": "https://git.hbs2.net/5xrwbTzzweS9yeJQnrrUY9gQJfhJf84pbyHhF2MMmSft"
      },
      "original": {
        "type": "git",
        "url": "https://git.hbs2.net/5xrwbTzzweS9yeJQnrrUY9gQJfhJf84pbyHhF2MMmSft"
      }
    },
    "extra-container": {
      "inputs": {
        "flake-utils": "flake-utils",
        "nixpkgs": "nixpkgs"
      },
      "locked": {
        "lastModified": 1699821751,
        "narHash": "sha256-UlId5jvJFmkVcKpn0oZ2VTvWAc/mZy6butRZGk73xXM=",
        "owner": "erikarvstedt",
        "repo": "extra-container",
        "rev": "842912907bf189ef17a80ca09ba37b6bdfc76c49",
        "type": "github"
      },
      "original": {
        "owner": "erikarvstedt",
        "repo": "extra-container",
        "type": "github"
      }
    },
    "fixme": {
      "inputs": {
        "haskell-flake-utils": "haskell-flake-utils_2",
        "nixpkgs": [
          "hbs2",
          "nixpkgs"
        ],
        "suckless-conf": "suckless-conf"
      },
      "locked": {
        "lastModified": 1697356303,
        "narHash": "sha256-hJbJZtx7gdcXaKL8n5J8b/eVyoYe9VxM+037ZK7q8Gw=",
        "ref": "refs/heads/master",
        "rev": "e9b1dcfd78dc766a2255a8125c14b24f0d728c0e",
        "revCount": 139,
        "type": "git",
        "url": "https://git.hbs2.net/Fujv1Uy4W5d9Z7REEArMxbXSJ8nLLn4dYuvaAs8b86hr"
      },
      "original": {
        "type": "git",
        "url": "https://git.hbs2.net/Fujv1Uy4W5d9Z7REEArMxbXSJ8nLLn4dYuvaAs8b86hr"
      }
    },
    "flake-utils": {
      "inputs": {
        "systems": "systems"
      },
      "locked": {
        "lastModified": 1685518550,
        "narHash": "sha256-o2d0KcvaXzTrPRIo0kOLV0/QXHhDQ5DTi+OxcjO8xqY=",
        "owner": "numtide",
        "repo": "flake-utils",
        "rev": "a1720a10a6cfe8234c0e93907ffe81be440f4cef",
        "type": "github"
      },
      "original": {
        "owner": "numtide",
        "repo": "flake-utils",
        "type": "github"
      }
    },
    "flake-utils_2": {
      "locked": {
        "lastModified": 1644229661,
        "narHash": "sha256-1YdnJAsNy69bpcjuoKdOYQX0YxZBiCYZo4Twxerqv7k=",
        "owner": "numtide",
        "repo": "flake-utils",
        "rev": "3cecb5b042f7f209c56ffd8371b2711a290ec797",
        "type": "github"
      },
      "original": {
        "owner": "numtide",
        "repo": "flake-utils",
        "type": "github"
      }
    },
    "flake-utils_3": {
      "locked": {
        "lastModified": 1644229661,
        "narHash": "sha256-1YdnJAsNy69bpcjuoKdOYQX0YxZBiCYZo4Twxerqv7k=",
        "owner": "numtide",
        "repo": "flake-utils",
        "rev": "3cecb5b042f7f209c56ffd8371b2711a290ec797",
        "type": "github"
      },
      "original": {
        "owner": "numtide",
        "repo": "flake-utils",
        "type": "github"
      }
    },
    "flake-utils_4": {
      "locked": {
        "lastModified": 1644229661,
        "narHash": "sha256-1YdnJAsNy69bpcjuoKdOYQX0YxZBiCYZo4Twxerqv7k=",
        "owner": "numtide",
        "repo": "flake-utils",
        "rev": "3cecb5b042f7f209c56ffd8371b2711a290ec797",
        "type": "github"
      },
      "original": {
        "owner": "numtide",
        "repo": "flake-utils",
        "type": "github"
      }
    },
    "flake-utils_5": {
      "locked": {
        "lastModified": 1644229661,
        "narHash": "sha256-1YdnJAsNy69bpcjuoKdOYQX0YxZBiCYZo4Twxerqv7k=",
        "owner": "numtide",
        "repo": "flake-utils",
        "rev": "3cecb5b042f7f209c56ffd8371b2711a290ec797",
        "type": "github"
      },
      "original": {
        "owner": "numtide",
        "repo": "flake-utils",
        "type": "github"
      }
    },
    "flake-utils_6": {
      "locked": {
        "lastModified": 1644229661,
        "narHash": "sha256-1YdnJAsNy69bpcjuoKdOYQX0YxZBiCYZo4Twxerqv7k=",
        "owner": "numtide",
        "repo": "flake-utils",
        "rev": "3cecb5b042f7f209c56ffd8371b2711a290ec797",
        "type": "github"
      },
      "original": {
        "owner": "numtide",
        "repo": "flake-utils",
        "type": "github"
      }
    },
    "flake-utils_7": {
      "locked": {
        "lastModified": 1644229661,
        "narHash": "sha256-1YdnJAsNy69bpcjuoKdOYQX0YxZBiCYZo4Twxerqv7k=",
        "owner": "numtide",
        "repo": "flake-utils",
        "rev": "3cecb5b042f7f209c56ffd8371b2711a290ec797",
        "type": "github"
      },
      "original": {
        "owner": "numtide",
        "repo": "flake-utils",
        "type": "github"
      }
    },
    "haskell-flake-utils": {
      "inputs": {
        "flake-utils": "flake-utils_2"
      },
      "locked": {
        "lastModified": 1698938553,
        "narHash": "sha256-oXpTKXioqFbl2mhhvpJIAvgNd+wYyv4ekI+YnJHEJ6s=",
        "owner": "ivanovs-4",
        "repo": "haskell-flake-utils",
        "rev": "19b273b5dc401a0a565e7f75cf50a593871b80c9",
        "type": "github"
      },
      "original": {
        "owner": "ivanovs-4",
        "repo": "haskell-flake-utils",
        "type": "github"
      }
    },
    "haskell-flake-utils_2": {
      "inputs": {
        "flake-utils": "flake-utils_3"
      },
      "locked": {
        "lastModified": 1672412555,
        "narHash": "sha256-Kaa8F7nQFR3KuS6Y9WRUxeJeZlp6CCubyrRfmiEsW4k=",
        "owner": "ivanovs-4",
        "repo": "haskell-flake-utils",
        "rev": "896219e5bde6efac72198550454e9dd9b5ed9ac9",
        "type": "github"
      },
      "original": {
        "owner": "ivanovs-4",
        "repo": "haskell-flake-utils",
        "type": "github"
      }
    },
    "haskell-flake-utils_3": {
      "inputs": {
        "flake-utils": "flake-utils_4"
      },
      "locked": {
        "lastModified": 1672412555,
        "narHash": "sha256-Kaa8F7nQFR3KuS6Y9WRUxeJeZlp6CCubyrRfmiEsW4k=",
        "owner": "ivanovs-4",
        "repo": "haskell-flake-utils",
        "rev": "896219e5bde6efac72198550454e9dd9b5ed9ac9",
        "type": "github"
      },
      "original": {
        "owner": "ivanovs-4",
        "repo": "haskell-flake-utils",
        "type": "github"
      }
    },
    "haskell-flake-utils_4": {
      "inputs": {
        "flake-utils": "flake-utils_5"
      },
      "locked": {
        "lastModified": 1698938553,
        "narHash": "sha256-oXpTKXioqFbl2mhhvpJIAvgNd+wYyv4ekI+YnJHEJ6s=",
        "owner": "ivanovs-4",
        "repo": "haskell-flake-utils",
        "rev": "19b273b5dc401a0a565e7f75cf50a593871b80c9",
        "type": "github"
      },
      "original": {
        "owner": "ivanovs-4",
        "ref": "master",
        "repo": "haskell-flake-utils",
        "type": "github"
      }
    },
    "haskell-flake-utils_5": {
      "inputs": {
        "flake-utils": "flake-utils_6"
      },
      "locked": {
        "lastModified": 1672412555,
        "narHash": "sha256-Kaa8F7nQFR3KuS6Y9WRUxeJeZlp6CCubyrRfmiEsW4k=",
        "owner": "ivanovs-4",
        "repo": "haskell-flake-utils",
        "rev": "896219e5bde6efac72198550454e9dd9b5ed9ac9",
        "type": "github"
      },
      "original": {
        "owner": "ivanovs-4",
        "repo": "haskell-flake-utils",
        "rev": "896219e5bde6efac72198550454e9dd9b5ed9ac9",
        "type": "github"
      }
    },
    "haskell-flake-utils_6": {
      "inputs": {
        "flake-utils": "flake-utils_7"
      },
      "locked": {
        "lastModified": 1672412555,
        "narHash": "sha256-Kaa8F7nQFR3KuS6Y9WRUxeJeZlp6CCubyrRfmiEsW4k=",
        "owner": "ivanovs-4",
        "repo": "haskell-flake-utils",
        "rev": "896219e5bde6efac72198550454e9dd9b5ed9ac9",
        "type": "github"
      },
      "original": {
        "owner": "ivanovs-4",
        "repo": "haskell-flake-utils",
        "type": "github"
      }
    },
    "hbs2": {
      "inputs": {
        "db-pipe": "db-pipe",
        "fixme": "fixme",
        "haskell-flake-utils": "haskell-flake-utils_4",
        "hspup": "hspup",
        "nixpkgs": [
          "nixpkgs"
        ],
        "saltine": "saltine",
        "suckless-conf": "suckless-conf_2"
      },
      "locked": {
        "lastModified": 1710642921,
        "narHash": "sha256-sI6oirrSetQs/1zjTBlwpUtzYwrNMjjZQs274H59/hA=",
        "ref": "lwwrepo",
        "rev": "9546a440ea74f2664af9fe1255e88a7531065d1c",
        "revCount": 1001,
        "type": "git",
        "url": "http://git.hbs2/BTThPdHKF8XnEq4m6wzbKHKA6geLFK4ydYhBXAqBdHSP"
      },
      "original": {
        "ref": "lwwrepo",
        "type": "git",
        "url": "http://git.hbs2/BTThPdHKF8XnEq4m6wzbKHKA6geLFK4ydYhBXAqBdHSP"
      }
    },
    "home-manager": {
      "inputs": {
        "nixpkgs": [
          "nixpkgs"
        ]
      },
      "locked": {
        "lastModified": 1709204054,
        "narHash": "sha256-U1idK0JHs1XOfSI1APYuXi4AEADf+B+ZU4Wifc0pBHk=",
        "owner": "nix-community",
        "repo": "home-manager",
        "rev": "2f3367769a93b226c467551315e9e270c3f78b15",
        "type": "github"
      },
      "original": {
        "owner": "nix-community",
        "repo": "home-manager",
        "type": "github"
      }
    },
    "hspup": {
      "inputs": {
        "haskell-flake-utils": "haskell-flake-utils_5",
        "nixpkgs": [
          "hbs2",
          "nixpkgs"
        ]
      },
      "locked": {
        "lastModified": 1679933705,
        "narHash": "sha256-UOd70L+FKQLmGjA3IqjFaBpaS/dZMSABtRgVDY3lBCg=",
        "owner": "voidlizard",
        "repo": "hspup",
        "rev": "6b969a9de1f9800ebfc61c51252b8647123c51bb",
        "type": "github"
      },
      "original": {
        "owner": "voidlizard",
        "repo": "hspup",
        "type": "github"
      }
    },
    "nixpkgs": {
      "locked": {
        "lastModified": 1685566663,
        "narHash": "sha256-btHN1czJ6rzteeCuE/PNrdssqYD2nIA4w48miQAFloM=",
        "owner": "NixOS",
        "repo": "nixpkgs",
        "rev": "4ecab3273592f27479a583fb6d975d4aba3486fe",
        "type": "github"
      },
      "original": {
        "owner": "NixOS",
        "ref": "23.05",
        "repo": "nixpkgs",
        "type": "github"
      }
    },
    "nixpkgs_2": {
      "locked": {
        "lastModified": 1709200309,
        "narHash": "sha256-lKdtMbhnBNU1lr978T+wEYet3sfIXXgyiDZNEgx8CV8=",
        "owner": "nixos",
        "repo": "nixpkgs",
        "rev": "ebe6e807793e7c9cc59cf81225fdee1a03413811",
        "type": "github"
      },
      "original": {
        "owner": "nixos",
        "ref": "nixpkgs-unstable",
        "repo": "nixpkgs",
        "type": "github"
      }
    },
    "root": {
      "inputs": {
        "extra-container": "extra-container",
        "hbs2": "hbs2",
        "home-manager": "home-manager",
        "nixpkgs": "nixpkgs_2"
      }
    },
    "saltine": {
      "flake": false,
      "locked": {
        "lastModified": 1651348885,
        "narHash": "sha256-0guvfkdOrofElDildQWE8QDwh+T/u2WY3HVYmOu4g3w=",
        "owner": "tel",
        "repo": "saltine",
        "rev": "3d3a54cf46f78b71b4b55653482fb6f4cee6b77d",
        "type": "github"
      },
      "original": {
        "owner": "tel",
        "repo": "saltine",
        "rev": "3d3a54cf46f78b71b4b55653482fb6f4cee6b77d",
        "type": "github"
      }
    },
    "suckless-conf": {
      "inputs": {
        "haskell-flake-utils": "haskell-flake-utils_3",
        "nixpkgs": [
          "hbs2",
          "fixme",
          "nixpkgs"
        ]
      },
      "locked": {
        "lastModified": 1697354514,
        "narHash": "sha256-5doedGj2QU4vPuw1VZor1GGEJTxu0zFeO/PsybFIcn8=",
        "owner": "voidlizard",
        "repo": "suckless-conf",
        "rev": "3f87278bc10ac4f14a6d9d2c75cbbed228509129",
        "type": "github"
      },
      "original": {
        "owner": "voidlizard",
        "repo": "suckless-conf",
        "type": "github"
      }
    },
    "suckless-conf_2": {
      "inputs": {
        "haskell-flake-utils": "haskell-flake-utils_6",
        "nixpkgs": [
          "hbs2",
          "nixpkgs"
        ]
      },
      "locked": {
        "lastModified": 1704001322,
        "narHash": "sha256-D7T/8wAg5J4KkRw0uB90w3+adY11aQaX7rjmQPXkkQc=",
        "ref": "refs/heads/master",
        "rev": "8cfc1272bb79ef6ad62ae6a625f21e239916d196",
        "revCount": 28,
        "type": "git",
        "url": "https://git.hbs2.net/JAuk1UJzZfbDGKVazSQU5yYQ3NGfk4gVeZzBCduf5TgQ"
      },
      "original": {
        "type": "git",
        "url": "https://git.hbs2.net/JAuk1UJzZfbDGKVazSQU5yYQ3NGfk4gVeZzBCduf5TgQ"
      }
    },
    "systems": {
      "locked": {
        "lastModified": 1681028828,
        "narHash": "sha256-Vy1rq5AaRuLzOxct8nz4T6wlgyUR7zLU309k9mBC768=",
        "owner": "nix-systems",
        "repo": "default",
        "rev": "da67096a3b9bf56a91d16901293e51ba5b49a27e",
        "type": "github"
      },
      "original": {
        "owner": "nix-systems",
        "repo": "default",
        "type": "github"
      }
    }
  },
  "root": "root",
  "version": 7
}
